
Microsoft Visual Studio Solution File, Format Version 12.00
# Visual Studio Version 16
VisualStudioVersion = 16.0.31702.278
MinimumVisualStudioVersion = 10.0.40219.1
Project("{9A19103F-16F7-4668-BE54-9A1E7A4F7556}") = "BW.Assessment.Authentication.Api", "BW.Assessment.Authentication.Api\BW.Assessment.Authentication.Api.csproj", "{F4F1FA70-6439-46C0-8E1B-2272A0F0B01B}"
EndProject
Project("{9A19103F-16F7-4668-BE54-9A1E7A4F7556}") = "BW.Assessment.Core", "BW.Assessment.Core\BW.Assessment.Core.csproj", "{76A6116E-3E70-4E48-889C-FE3C50D066EE}"
EndProject
Project("{9A19103F-16F7-4668-BE54-9A1E7A4F7556}") = "BW.Assessment.Infrastructure", "BW.Assessment.Infrastructure\BW.Assessment.Infrastructure.csproj", "{984A9F18-8A71-4E22-A855-2D3BDB153825}"
EndProject
Project("{9A19103F-16F7-4668-BE54-9A1E7A4F7556}") = "BW.Assessment.Tests", "BW.Assessment.Tests\BW.Assessment.Tests.csproj", "{FA98DACB-F0F4-4667-95FC-8F5C7FFEC80D}"
EndProject
Project("{9A19103F-16F7-4668-BE54-9A1E7A4F7556}") = "BW.Assessment.Wallet.Api", "BW.Assessment.Wallet.Api\BW.Assessment.Wallet.Api.csproj", "{76E4DD97-8C18-479A-A051-F15B4F960557}"
EndProject
Project("{E53339B2-1760-4266-BCC7-CA923CBCF16C}") = "docker-compose", "docker-compose.dcproj", "{1FCA4250-6576-4079-A737-61C51A6B3B5B}"
EndProject
Global
	GlobalSection(SolutionConfigurationPlatforms) = preSolution
		Debug|Any CPU = Debug|Any CPU
		Release|Any CPU = Release|Any CPU
	EndGlobalSection
	GlobalSection(ProjectConfigurationPlatforms) = postSolution
		{F4F1FA70-6439-46C0-8E1B-2272A0F0B01B}.Debug|Any CPU.ActiveCfg = Debug|Any CPU
		{F4F1FA70-6439-46C0-8E1B-2272A0F0B01B}.Debug|Any CPU.Build.0 = Debug|Any CPU
		{F4F1FA70-6439-46C0-8E1B-2272A0F0B01B}.Release|Any CPU.ActiveCfg = Release|Any CPU
		{F4F1FA70-6439-46C0-8E1B-2272A0F0B01B}.Release|Any CPU.Build.0 = Release|Any CPU
		{76A6116E-3E70-4E48-889C-FE3C50D066EE}.Debug|Any CPU.ActiveCfg = Debug|Any CPU
		{76A6116E-3E70-4E48-889C-FE3C50D066EE}.Debug|Any CPU.Build.0 = Debug|Any CPU
		{76A6116E-3E70-4E48-889C-FE3C50D066EE}.Release|Any CPU.ActiveCfg = Release|Any CPU
		{76A6116E-3E70-4E48-889C-FE3C50D066EE}.Release|Any CPU.Build.0 = Release|Any CPU
		{984A9F18-8A71-4E22-A855-2D3BDB153825}.Debug|Any CPU.ActiveCfg = Debug|Any CPU
		{984A9F18-8A71-4E22-A855-2D3BDB153825}.Debug|Any CPU.Build.0 = Debug|Any CPU
		{984A9F18-8A71-4E22-A855-2D3BDB153825}.Release|Any CPU.ActiveCfg = Release|Any CPU
		{984A9F18-8A71-4E22-A855-2D3BDB153825}.Release|Any CPU.Build.0 = Release|Any CPU
		{FA98DACB-F0F4-4667-95FC-8F5C7FFEC80D}.Debug|Any CPU.ActiveCfg = Debug|Any CPU
		{FA98DACB-F0F4-4667-95FC-8F5C7FFEC80D}.Debug|Any CPU.Build.0 = Debug|Any CPU
		{FA98DACB-F0F4-4667-95FC-8F5C7FFEC80D}.Release|Any CPU.ActiveCfg = Release|Any CPU
		{FA98DACB-F0F4-4667-95FC-8F5C7FFEC80D}.Release|Any CPU.Build.0 = Release|Any CPU
		{76E4DD97-8C18-479A-A051-F15B4F960557}.Debug|Any CPU.ActiveCfg = Debug|Any CPU
		{76E4DD97-8C18-479A-A051-F15B4F960557}.Debug|Any CPU.Build.0 = Debug|Any CPU
		{76E4DD97-8C18-479A-A051-F15B4F960557}.Release|Any CPU.ActiveCfg = Release|Any CPU
		{76E4DD97-8C18-479A-A051-F15B4F960557}.Release|Any CPU.Build.0 = Release|Any CPU
		{1FCA4250-6576-4079-A737-61C51A6B3B5B}.Debug|Any CPU.ActiveCfg = Debug|Any CPU
		{1FCA4250-6576-4079-A737-61C51A6B3B5B}.Debug|Any CPU.Build.0 = Debug|Any CPU
		{1FCA4250-6576-4079-A737-61C51A6B3B5B}.Release|Any CPU.ActiveCfg = Release|Any CPU
		{1FCA4250-6576-4079-A737-61C51A6B3B5B}.Release|Any CPU.Build.0 = Release|Any CPU
	EndGlobalSection
	GlobalSection(SolutionProperties) = preSolution
		HideSolutionNode = FALSE
	EndGlobalSection
	GlobalSection(ExtensibilityGlobals) = postSolution
		SolutionGuid = {C53172A2-D241-424E-9C09-76DD7CE971E1}
	EndGlobalSection
EndGlobal
